Microsoft Visual Studio Solution File, Format Version 12.00
# Visual Studio Version 16
VisualStudioVersion = 16.0.29920.165
MinimumVisualStudioVersion = 10.0.40219.1
Project("{9A19103F-16F7-4668-BE54-9A1E7A4F7556}") = "InterviewProgamming", "InterviewProgamming\InterviewProgamming.csproj", "{9E05B3DF-0364-4C06-8960-ABD736A0D18C}"
EndProject
Project("{2150E333-8FDC-42A3-9474-1A3956D46DE8}") = "Core", "Core", "{F02DF264-E0B0-40A2-AB94-1EBB2494EEAC}"
EndProject
Project("{FAE04EC0-301F-11D3-BF4B-00C04F79EFBC}") = "DataStructures.Core", "DataStructures.Core\DataStructures.Core.csproj", "{5198B6DA-632D-4348-A820-DE9062CFB1C0}"
EndProject
Global
	GlobalSection(SolutionConfigurationPlatforms) = preSolution
		Debug|Any CPU = Debug|Any CPU
		Release|Any CPU = Release|Any CPU
	EndGlobalSection
	GlobalSection(ProjectConfigurationPlatforms) = postSolution
		{9E05B3DF-0364-4C06-8960-ABD736A0D18C}.Debug|Any CPU.ActiveCfg = Debug|Any CPU
		{9E05B3DF-0364-4C06-8960-ABD736A0D18C}.Debug|Any CPU.Build.0 = Debug|Any CPU
		{9E05B3DF-0364-4C06-8960-ABD736A0D18C}.Release|Any CPU.ActiveCfg = Release|Any CPU
		{9E05B3DF-0364-4C06-8960-ABD736A0D18C}.Release|Any CPU.Build.0 = Release|Any CPU
		{5198B6DA-632D-4348-A820-DE9062CFB1C0}.Debug|Any CPU.ActiveCfg = Debug|Any CPU
		{5198B6DA-632D-4348-A820-DE9062CFB1C0}.Debug|Any CPU.Build.0 = Debug|Any CPU
		{5198B6DA-632D-4348-A820-DE9062CFB1C0}.Release|Any CPU.ActiveCfg = Release|Any CPU
		{5198B6DA-632D-4348-A820-DE9062CFB1C0}.Release|Any CPU.Build.0 = Release|Any CPU
	EndGlobalSection
	GlobalSection(SolutionProperties) = preSolution
		HideSolutionNode = FALSE
	EndGlobalSection
	GlobalSection(NestedProjects) = preSolution
		{5198B6DA-632D-4348-A820-DE9062CFB1C0} = {F02DF264-E0B0-40A2-AB94-1EBB2494EEAC}
	EndGlobalSection
	GlobalSection(ExtensibilityGlobals) = postSolution
		SolutionGuid = {6DCD84D8-6354-4A55-B76A-5229E22FE528}
	EndGlobalSection
EndGlobal
